
Microsoft Visual Studio Solution File, Format Version 12.00
# Visual Studio Version 17
VisualStudioVersion = 17.8.34511.84
MinimumVisualStudioVersion = 10.0.40219.1
Project("{FAE04EC0-301F-11D3-BF4B-00C04F79EFBC}") = "Project-Database-Csharp", "Project-Database-Csharp\Project-Database-Csharp.csproj", "{49ED2D74-49C4-42DA-8FD6-3DD370741997}"
EndProject
Global
	GlobalSection(SolutionConfigurationPlatforms) = preSolution
		Debug|Any CPU = Debug|Any CPU
		Release|Any CPU = Release|Any CPU
	EndGlobalSection
	GlobalSection(ProjectConfigurationPlatforms) = postSolution
		{49ED2D74-49C4-42DA-8FD6-3DD370741997}.Debug|Any CPU.ActiveCfg = Debug|Any CPU
		{49ED2D74-49C4-42DA-8FD6-3DD370741997}.Debug|Any CPU.Build.0 = Debug|Any CPU
		{49ED2D74-49C4-42DA-8FD6-3DD370741997}.Release|Any CPU.ActiveCfg = Release|Any CPU
		{49ED2D74-49C4-42DA-8FD6-3DD370741997}.Release|Any CPU.Build.0 = Release|Any CPU
	EndGlobalSection
	GlobalSection(SolutionProperties) = preSolution
		HideSolutionNode = FALSE
	EndGlobalSection
	GlobalSection(ExtensibilityGlobals) = postSolution
		SolutionGuid = {0065CE46-C86E-4931-A673-4FE2B68F540A}
	EndGlobalSection
EndGlobal
